// !$*UTF8*$!
{
	archiveVersion = 1;
	classes = {
	};
	objectVersion = 50;
	objects = {

/* Begin PBXBuildFile section */
		CC7353CE2154F9520069BCAC /* AppDelegate.swift in Sources */ = {isa = PBXBuildFile; fileRef = CC7353CD2154F9520069BCAC /* AppDelegate.swift */; };
		CC7353D02154F9520069BCAC /* ChecklistViewController.swift in Sources */ = {isa = PBXBuildFile; fileRef = CC7353CF2154F9520069BCAC /* ChecklistViewController.swift */; };
		CC7353D32154F9520069BCAC /* Main.storyboard in Resources */ = {isa = PBXBuildFile; fileRef = CC7353D12154F9520069BCAC /* Main.storyboard */; };
		CC7353D52154F9550069BCAC /* Assets.xcassets in Resources */ = {isa = PBXBuildFile; fileRef = CC7353D42154F9550069BCAC /* Assets.xcassets */; };
		CC7C19A9215E8658008ECF8A /* ItemDetailViewController.swift in Sources */ = {isa = PBXBuildFile; fileRef = CC7C19A8215E8658008ECF8A /* ItemDetailViewController.swift */; };
		CC7C19AB2164BD7E008ECF8A /* AllListsViewController.swift in Sources */ = {isa = PBXBuildFile; fileRef = CC7C19AA2164BD7E008ECF8A /* AllListsViewController.swift */; };
		CC7C19AD21671B69008ECF8A /* Checklist.swift in Sources */ = {isa = PBXBuildFile; fileRef = CC7C19AC21671B69008ECF8A /* Checklist.swift */; };
		CC7C19AF2167AF6C008ECF8A /* ListDetailViewController.swift in Sources */ = {isa = PBXBuildFile; fileRef = CC7C19AE2167AF6C008ECF8A /* ListDetailViewController.swift */; };
		CCA22797216AE7A8007180E3 /* DataModel.swift in Sources */ = {isa = PBXBuildFile; fileRef = CCA22796216AE7A8007180E3 /* DataModel.swift */; };
		CCA22799216C97B7007180E3 /* IconPickerViewController.swift in Sources */ = {isa = PBXBuildFile; fileRef = CCA22798216C97B7007180E3 /* IconPickerViewController.swift */; };
		CCE67203215A90FB007A2D19 /* CheckListItem.swift in Sources */ = {isa = PBXBuildFile; fileRef = CCE67202215A90FB007A2D19 /* CheckListItem.swift */; };
/* End PBXBuildFile section */

/* Begin PBXFileReference section */
		CC7353CA2154F9520069BCAC /* checklists.app */ = {isa = PBXFileReference; explicitFileType = wrapper.application; includeInIndex = 0; path = checklists.app; sourceTree = BUILT_PRODUCTS_DIR; };
		CC7353CD2154F9520069BCAC /* AppDelegate.swift */ = {isa = PBXFileReference; lastKnownFileType = sourcecode.swift; path = AppDelegate.swift; sourceTree = "<group>"; };
		CC7353CF2154F9520069BCAC /* ChecklistViewController.swift */ = {isa = PBXFileReference; lastKnownFileType = sourcecode.swift; path = ChecklistViewController.swift; sourceTree = "<group>"; };
		CC7353D22154F9520069BCAC /* Base */ = {isa = PBXFileReference; lastKnownFileType = file.storyboard; name = Base; path = Base.lproj/Main.storyboard; sourceTree = "<group>"; };
		CC7353D42154F9550069BCAC /* Assets.xcassets */ = {isa = PBXFileReference; lastKnownFileType = folder.assetcatalog; path = Assets.xcassets; sourceTree = "<group>"; };
		CC7353D92154F9550069BCAC /* Info.plist */ = {isa = PBXFileReference; lastKnownFileType = text.plist.xml; path = Info.plist; sourceTree = "<group>"; };
		CC7C19A8215E8658008ECF8A /* ItemDetailViewController.swift */ = {isa = PBXFileReference; lastKnownFileType = sourcecode.swift; path = ItemDetailViewController.swift; sourceTree = "<group>"; };
		CC7C19AA2164BD7E008ECF8A /* AllListsViewController.swift */ = {isa = PBXFileReference; lastKnownFileType = sourcecode.swift; path = AllListsViewController.swift; sourceTree = "<group>"; };
		CC7C19AC21671B69008ECF8A /* Checklist.swift */ = {isa = PBXFileReference; lastKnownFileType = sourcecode.swift; path = Checklist.swift; sourceTree = "<group>"; };
		CC7C19AE2167AF6C008ECF8A /* ListDetailViewController.swift */ = {isa = PBXFileReference; lastKnownFileType = sourcecode.swift; path = ListDetailViewController.swift; sourceTree = "<group>"; };
		CCA22796216AE7A8007180E3 /* DataModel.swift */ = {isa = PBXFileReference; lastKnownFileType = sourcecode.swift; path = DataModel.swift; sourceTree = "<group>"; };
		CCA22798216C97B7007180E3 /* IconPickerViewController.swift */ = {isa = PBXFileReference; lastKnownFileType = sourcecode.swift; path = IconPickerViewController.swift; sourceTree = "<group>"; };
		CCE67202215A90FB007A2D19 /* CheckListItem.swift */ = {isa = PBXFileReference; lastKnownFileType = sourcecode.swift; path = CheckListItem.swift; sourceTree = "<group>"; };
/* End PBXFileReference section */

/* Begin PBXFrameworksBuildPhase section */
		CC7353C72154F9520069BCAC /* Frameworks */ = {
			isa = PBXFrameworksBuildPhase;
			buildActionMask = 2147483647;
			files = (
			);
			runOnlyForDeploymentPostprocessing = 0;
		};
/* End PBXFrameworksBuildPhase section */

/* Begin PBXGroup section */
		CC7353C12154F9510069BCAC = {
			isa = PBXGroup;
			children = (
				CC7353CC2154F9520069BCAC /* checklists */,
				CC7353CB2154F9520069BCAC /* Products */,
			);
			sourceTree = "<group>";
		};
		CC7353CB2154F9520069BCAC /* Products */ = {
			isa = PBXGroup;
			children = (
				CC7353CA2154F9520069BCAC /* checklists.app */,
			);
			name = Products;
			sourceTree = "<group>";
		};
		CC7353CC2154F9520069BCAC /* checklists */ = {
			isa = PBXGroup;
			children = (
				CC7C19AA2164BD7E008ECF8A /* AllListsViewController.swift */,
				CC7353CD2154F9520069BCAC /* AppDelegate.swift */,
				CC7353D42154F9550069BCAC /* Assets.xcassets */,
				CC7C19AC21671B69008ECF8A /* Checklist.swift */,
				CCE67202215A90FB007A2D19 /* CheckListItem.swift */,
				CC7353CF2154F9520069BCAC /* ChecklistViewController.swift */,
				CCA22796216AE7A8007180E3 /* DataModel.swift */,
				CC7353D92154F9550069BCAC /* Info.plist */,
				CC7C19A8215E8658008ECF8A /* ItemDetailViewController.swift */,
				CC7C19AE2167AF6C008ECF8A /* ListDetailViewController.swift */,
				CC7353D12154F9520069BCAC /* Main.storyboard */,
				CCA22798216C97B7007180E3 /* IconPickerViewController.swift */,
			);
			path = checklists;
			sourceTree = "<group>";
		};
/* End PBXGroup section */

/* Begin PBXNativeTarget section */
		CC7353C92154F9520069BCAC /* checklists */ = {
			isa = PBXNativeTarget;
			buildConfigurationList = CC7353DC2154F9550069BCAC /* Build configuration list for PBXNativeTarget "checklists" */;
			buildPhases = (
				CC7353C62154F9520069BCAC /* Sources */,
				CC7353C72154F9520069BCAC /* Frameworks */,
				CC7353C82154F9520069BCAC /* Resources */,
			);
			buildRules = (
			);
			dependencies = (
			);
			name = checklists;
			productName = checklists;
			productReference = CC7353CA2154F9520069BCAC /* checklists.app */;
			productType = "com.apple.product-type.application";
		};
/* End PBXNativeTarget section */

/* Begin PBXProject section */
		CC7353C22154F9510069BCAC /* Project object */ = {
			isa = PBXProject;
			attributes = {
				LastSwiftUpdateCheck = 0940;
				LastUpgradeCheck = 0940;
				ORGANIZATIONNAME = wangshijie;
				TargetAttributes = {
					CC7353C92154F9520069BCAC = {
						CreatedOnToolsVersion = 9.4;
						LastSwiftMigration = 1130;
					};
				};
			};
			buildConfigurationList = CC7353C52154F9510069BCAC /* Build configuration list for PBXProject "checklists" */;
			compatibilityVersion = "Xcode 9.3";
			developmentRegion = en;
			hasScannedForEncodings = 0;
			knownRegions = (
				en,
				Base,
			);
			mainGroup = CC7353C12154F9510069BCAC;
			productRefGroup = CC7353CB2154F9520069BCAC /* Products */;
			projectDirPath = "";
			projectRoot = "";
			targets = (
				CC7353C92154F9520069BCAC /* checklists */,
			);
		};
/* End PBXProject section */

/* Begin PBXResourcesBuildPhase section */
		CC7353C82154F9520069BCAC /* Resources */ = {
			isa = PBXResourcesBuildPhase;
			buildActionMask = 2147483647;
			files = (
				CC7353D52154F9550069BCAC /* Assets.xcassets in Resources */,
				CC7353D32154F9520069BCAC /* Main.storyboard in Resources */,
			);
			runOnlyForDeploymentPostprocessing = 0;
		};
/* End PBXResourcesBuildPhase section */

/* Begin PBXSourcesBuildPhase section */
		CC7353C62154F9520069BCAC /* Sources */ = {
			isa = PBXSourcesBuildPhase;
			buildActionMask = 2147483647;
			files = (
				CCE67203215A90FB007A2D19 /* CheckListItem.swift in Sources */,
				CC7C19AF2167AF6C008ECF8A /* ListDetailViewController.swift in Sources */,
				CC7C19A9215E8658008ECF8A /* ItemDetailViewController.swift in Sources */,
				CCA22799216C97B7007180E3 /* IconPickerViewController.swift in Sources */,
				CC7C19AD21671B69008ECF8A /* Checklist.swift in Sources */,
				CC7C19AB2164BD7E008ECF8A /* AllListsViewController.swift in Sources */,
				CCA22797216AE7A8007180E3 /* DataModel.swift in Sources */,
				CC7353D02154F9520069BCAC /* ChecklistViewController.swift in Sources */,
				CC7353CE2154F9520069BCAC /* AppDelegate.swift in Sources */,
			);
			runOnlyForDeploymentPostprocessing = 0;
		};
/* End PBXSourcesBuildPhase section */

/* Begin PBXVariantGroup section */
		CC7353D12154F9520069BCAC /* Main.storyboard */ = {
			isa = PBXVariantGroup;
			children = (
				CC7353D22154F9520069BCAC /* Base */,
			);
			name = Main.storyboard;
			sourceTree = "<group>";
		};
/* End PBXVariantGroup section */

/* Begin XCBuildConfiguration section */
		CC7353DA2154F9550069BCAC /* Debug */ = {
			isa = XCBuildConfiguration;
			buildSettings = {
				ALWAYS_SEARCH_USER_PATHS = NO;
				CLANG_ANALYZER_NONNULL = YES;
				CLANG_ANALYZER_NUMBER_OBJECT_CONVERSION = YES_AGGRESSIVE;
				CLANG_CXX_LANGUAGE_STANDARD = "gnu++14";
				CLANG_CXX_LIBRARY = "libc++";
				CLANG_ENABLE_MODULES = YES;
				CLANG_ENABLE_OBJC_ARC = YES;
				CLANG_ENABLE_OBJC_WEAK = YES;
				CLANG_WARN_BLOCK_CAPTURE_AUTORELEASING = YES;
				CLANG_WARN_BOOL_CONVERSION = YES;
				CLANG_WARN_COMMA = YES;
				CLANG_WARN_CONSTANT_CONVERSION = YES;
				CLANG_WARN_DEPRECATED_OBJC_IMPLEMENTATIONS = YES;
				CLANG_WARN_DIRECT_OBJC_ISA_USAGE = YES_ERROR;
				CLANG_WARN_DOCUMENTATION_COMMENTS = YES;
				CLANG_WARN_EMPTY_BODY = YES;
				CLANG_WARN_ENUM_CONVERSION = YES;
				CLANG_WARN_INFINITE_RECURSION = YES;
				CLANG_WARN_INT_CONVERSION = YES;
				CLANG_WARN_NON_LITERAL_NULL_CONVERSION = YES;
				CLANG_WARN_OBJC_IMPLICIT_RETAIN_SELF = YES;
				CLANG_WARN_OBJC_LITERAL_CONVERSION = YES;
				CLANG_WARN_OBJC_ROOT_CLASS = YES_ERROR;
				CLANG_WARN_RANGE_LOOP_ANALYSIS = YES;
				CLANG_WARN_STRICT_PROTOTYPES = YES;
				CLANG_WARN_SUSPICIOUS_MOVE = YES;
				CLANG_WARN_UNGUARDED_AVAILABILITY = YES_AGGRESSIVE;
				CLANG_WARN_UNREACHABLE_CODE = YES;
				CLANG_WARN__DUPLICATE_METHOD_MATCH = YES;
				CODE_SIGN_IDENTITY = "iPhone Developer";
				COPY_PHASE_STRIP = NO;
				DEBUG_INFORMATION_FORMAT = dwarf;
				ENABLE_STRICT_OBJC_MSGSEND = YES;
				ENABLE_TESTABILITY = YES;
				GCC_C_LANGUAGE_STANDARD = gnu11;
				GCC_DYNAMIC_NO_PIC = NO;
				GCC_NO_COMMON_BLOCKS = YES;
				GCC_OPTIMIZATION_LEVEL = 0;
				GCC_PREPROCESSOR_DEFINITIONS = (
					"DEBUG=1",
					"$(inherited)",
				);
				GCC_WARN_64_TO_32_BIT_CONVERSION = YES;
				GCC_WARN_ABOUT_RETURN_TYPE = YES_ERROR;
				GCC_WARN_UNDECLARED_SELECTOR = YES;
				GCC_WARN_UNINITIALIZED_AUTOS = YES_AGGRESSIVE;
				GCC_WARN_UNUSED_FUNCTION = YES;
				GCC_WARN_UNUSED_VARIABLE = YES;
				IPHONEOS_DEPLOYMENT_TARGET = 11.4;
				MTL_ENABLE_DEBUG_INFO = YES;
				ONLY_ACTIVE_ARCH = YES;
				SDKROOT = iphoneos;
				SWIFT_ACTIVE_COMPILATION_CONDITIONS = DEBUG;
				SWIFT_OPTIMIZATION_LEVEL = "-Onone";
			};
			name = Debug;
		};
		CC7353DB2154F9550069BCAC /* Release */ = {
			isa = XCBuildConfiguration;
			buildSettings = {
				ALWAYS_SEARCH_USER_PATHS = NO;
				CLANG_ANALYZER_NONNULL = YES;
				CLANG_ANALYZER_NUMBER_OBJECT_CONVERSION = YES_AGGRESSIVE;
				CLANG_CXX_LANGUAGE_STANDARD = "gnu++14";
				CLANG_CXX_LIBRARY = "libc++";
				CLANG_ENABLE_MODULES = YES;
				CLANG_ENABLE_OBJC_ARC = YES;
				CLANG_ENABLE_OBJC_WEAK = YES;
				CLANG_WARN_BLOCK_CAPTURE_AUTORELEASING = YES;
				CLANG_WARN_BOOL_CONVERSION = YES;
				CLANG_WARN_COMMA = YES;
				CLANG_WARN_CONSTANT_CONVERSION = YES;
				CLANG_WARN_DEPRECATED_OBJC_IMPLEMENTATIONS = YES;
				CLANG_WARN_DIRECT_OBJC_ISA_USAGE = YES_ERROR;
				CLANG_WARN_DOCUMENTATION_COMMENTS = YES;
				CLANG_WARN_EMPTY_BODY = YES;
				CLANG_WARN_ENUM_CONVERSION = YES;
				CLANG_WARN_INFINITE_RECURSION = YES;
				CLANG_WARN_INT_CONVERSION = YES;
				CLANG_WARN_NON_LITERAL_NULL_CONVERSION = YES;
				CLANG_WARN_OBJC_IMPLICIT_RETAIN_SELF = YES;
				CLANG_WARN_OBJC_LITERAL_CONVERSION = YES;
				CLANG_WARN_OBJC_ROOT_CLASS = YES_ERROR;
				CLANG_WARN_RANGE_LOOP_ANALYSIS = YES;
				CLANG_WARN_STRICT_PROTOTYPES = YES;
				CLANG_WARN_SUSPICIOUS_MOVE = YES;
				CLANG_WARN_UNGUARDED_AVAILABILITY = YES_AGGRESSIVE;
				CLANG_WARN_UNREACHABLE_CODE = YES;
				CLANG_WARN__DUPLICATE_METHOD_MATCH = YES;
				CODE_SIGN_IDENTITY = "iPhone Developer";
				COPY_PHASE_STRIP = NO;
				DEBUG_INFORMATION_FORMAT = "dwarf-with-dsym";
				ENABLE_NS_ASSERTIONS = NO;
				ENABLE_STRICT_OBJC_MSGSEND = YES;
				GCC_C_LANGUAGE_STANDARD = gnu11;
				GCC_NO_COMMON_BLOCKS = YES;
				GCC_WARN_64_TO_32_BIT_CONVERSION = YES;
				GCC_WARN_ABOUT_RETURN_TYPE = YES_ERROR;
				GCC_WARN_UNDECLARED_SELECTOR = YES;
				GCC_WARN_UNINITIALIZED_AUTOS = YES_AGGRESSIVE;
				GCC_WARN_UNUSED_FUNCTION = YES;
				GCC_WARN_UNUSED_VARIABLE = YES;
				IPHONEOS_DEPLOYMENT_TARGET = 11.4;
				MTL_ENABLE_DEBUG_INFO = NO;
				SDKROOT = iphoneos;
				SWIFT_COMPILATION_MODE = wholemodule;
				SWIFT_OPTIMIZATION_LEVEL = "-O";
				VALIDATE_PRODUCT = YES;
			};
			name = Release;
		};
		CC7353DD2154F9550069BCAC /* Debug */ = {
			isa = XCBuildConfiguration;
			buildSettings = {
				ASSETCATALOG_COMPILER_APPICON_NAME = AppIcon;
				CODE_SIGN_STYLE = Automatic;
				DEVELOPMENT_TEAM = LJ6EV476M5;
				INFOPLIST_FILE = checklists/Info.plist;
				LD_RUNPATH_SEARCH_PATHS = (
					"$(inherited)",
					"@executable_path/Frameworks",
				);
				PRODUCT_BUNDLE_IDENTIFIER = com.owlikesj.checklists;
				PRODUCT_NAME = checklists;
				SWIFT_VERSION = 5.0;
				TARGETED_DEVICE_FAMILY = "1,2";
			};
			name = Debug;
		};
		CC7353DE2154F9550069BCAC /* Release */ = {
			isa = XCBuildConfiguration;
			buildSettings = {
				ASSETCATALOG_COMPILER_APPICON_NAME = AppIcon;
				CODE_SIGN_STYLE = Automatic;
				DEVELOPMENT_TEAM = LJ6EV476M5;
				INFOPLIST_FILE = checklists/Info.plist;
				LD_RUNPATH_SEARCH_PATHS = (
					"$(inherited)",
					"@executable_path/Frameworks",
				);
				PRODUCT_BUNDLE_IDENTIFIER = com.owlikesj.checklists;
				PRODUCT_NAME = checklists;
				SWIFT_VERSION = 5.0;
				TARGETED_DEVICE_FAMILY = "1,2";
			};
			name = Release;
		};
/* End XCBuildConfiguration section */

/* Begin XCConfigurationList section */
		CC7353C52154F9510069BCAC /* Build configuration list for PBXProject "checklists" */ = {
			isa = XCConfigurationList;
			buildConfigurations = (
				CC7353DA2154F9550069BCAC /* Debug */,
				CC7353DB2154F9550069BCAC /* Release */,
			);
			defaultConfigurationIsVisible = 0;
			defaultConfigurationName = Release;
		};
		CC7353DC2154F9550069BCAC /* Build configuration list for PBXNativeTarget "checklists" */ = {
			isa = XCConfigurationList;
			buildConfigurations = (
				CC7353DD2154F9550069BCAC /* Debug */,
				CC7353DE2154F9550069BCAC /* Release */,
			);
			defaultConfigurationIsVisible = 0;
			defaultConfigurationName = Release;
		};
/* End XCConfigurationList section */
	};
	rootObject = CC7353C22154F9510069BCAC /* Project object */;
}
